
Microsoft Visual Studio Solution File, Format Version 12.00
# Visual Studio Version 17
VisualStudioVersion = 17.10.34928.147
MinimumVisualStudioVersion = 10.0.40219.1
Project("{2150E333-8FDC-42A3-9474-1A3956D46DE8}") = "src", "src", "{0A53FCB1-49E5-42C3-8EF4-956F43B70D34}"
EndProject
Project("{2150E333-8FDC-42A3-9474-1A3956D46DE8}") = "Solution Items", "Solution Items", "{182F256D-9590-4877-A04C-EDF9FDF26EF7}"
	ProjectSection(SolutionItems) = preProject
		ServiceUrl.txt = ServiceUrl.txt
	EndProjectSection
EndProject
Project("{2150E333-8FDC-42A3-9474-1A3956D46DE8}") = "ApiGateways", "ApiGateways", "{2649D39A-B586-4B61-A8BB-F3215AA1BC20}"
EndProject
Project("{2150E333-8FDC-42A3-9474-1A3956D46DE8}") = "BuildingBlocks", "BuildingBlocks", "{E92A2D48-33A4-4670-80E3-3887060948DD}"
EndProject
Project("{2150E333-8FDC-42A3-9474-1A3956D46DE8}") = "Services", "Services", "{20288B3B-B21A-413D-99BF-B1E03767D127}"
EndProject
Project("{2150E333-8FDC-42A3-9474-1A3956D46DE8}") = "Clients", "Clients", "{C190D91B-34A9-4C7D-AE2D-2BC25DBF00D4}"
EndProject
Project("{2150E333-8FDC-42A3-9474-1A3956D46DE8}") = "WebApiGateway", "WebApiGateway", "{1AB09C81-6977-4877-8959-F967703AA614}"
EndProject
Project("{9A19103F-16F7-4668-BE54-9A1E7A4F7556}") = "Web.ApiGateway", "src\ApiGateways\WebApiGateway\Web.ApiGateway\Web.ApiGateway.csproj", "{E6B36A56-D2C2-474C-A808-12F09761048C}"
EndProject
Project("{2150E333-8FDC-42A3-9474-1A3956D46DE8}") = "EventBus", "EventBus", "{AED397DC-8ECF-45A8-A1E6-6CB3C0A2B160}"
EndProject
Project("{9A19103F-16F7-4668-BE54-9A1E7A4F7556}") = "EventBus.Base", "src\BuildingBlocks\EventBus\EventBus.Base\EventBus.Base.csproj", "{8C02A7CB-DFA6-4EF7-843D-B647E9A98A0C}"
EndProject
Project("{9A19103F-16F7-4668-BE54-9A1E7A4F7556}") = "EventBus.Factory", "..\SellingBuddysrc\src\BuildingBlocks\EventBus\EventBus.Factory\EventBus.Factory.csproj", "{D17C3767-089F-4B77-8DC0-353685661B72}"
EndProject
Project("{9A19103F-16F7-4668-BE54-9A1E7A4F7556}") = "EventBus.AzureServiceBus", "src\BuildingBlocks\EventBus\EventBus.AzureServiceBus\EventBus.AzureServiceBus.csproj", "{38B82801-008E-4278-BFB6-CE6F77A23BBA}"
EndProject
Project("{9A19103F-16F7-4668-BE54-9A1E7A4F7556}") = "EventBus.RabbitMQ", "src\BuildingBlocks\EventBus\EventBus.RabbitMQ\EventBus.RabbitMQ.csproj", "{A7AC527F-82B8-4C3A-BD14-625DEE52A3BC}"
EndProject
Project("{2150E333-8FDC-42A3-9474-1A3956D46DE8}") = "BlazorWebApp", "BlazorWebApp", "{85363C3E-2C03-469D-8FE3-C83309AABF72}"
EndProject
Project("{9A19103F-16F7-4668-BE54-9A1E7A4F7556}") = "WebApp", "src\Clients\BlazorWebApp\WebApp\WebApp.csproj", "{88347C2B-324F-4695-A29E-C385E0BD9E5B}"
EndProject
Project("{2150E333-8FDC-42A3-9474-1A3956D46DE8}") = "BasketService", "BasketService", "{0B75BFC7-2688-42CF-AC51-A9221EFB8B7A}"
EndProject
Project("{9A19103F-16F7-4668-BE54-9A1E7A4F7556}") = "BasketService.Api", "src\Services\BasketService\BasketService.Api\BasketService.Api.csproj", "{24DBE597-BFE0-4F64-9180-E0D9AA287FF2}"
EndProject
Project("{2150E333-8FDC-42A3-9474-1A3956D46DE8}") = "CatalogService", "CatalogService", "{87D0B474-8498-4E33-AE58-D5185158C76A}"
EndProject
Project("{9A19103F-16F7-4668-BE54-9A1E7A4F7556}") = "CatalogService.Api", "src\Services\CatalogService\CatalogService.Api\CatalogService.Api.csproj", "{A8931675-E785-4575-8F8B-7B71F2CC8702}"
EndProject
Project("{2150E333-8FDC-42A3-9474-1A3956D46DE8}") = "IdentityService", "IdentityService", "{A4174BDE-8237-4165-BE38-0D42A0D722AE}"
EndProject
Project("{9A19103F-16F7-4668-BE54-9A1E7A4F7556}") = "IdentityService.Api", "src\Services\IdentityService\IdentityService.Api\IdentityService.Api.csproj", "{EAEDA2D6-DB4B-4F6C-A654-2104D857E2C1}"
EndProject
Project("{2150E333-8FDC-42A3-9474-1A3956D46DE8}") = "NotificationService", "NotificationService", "{CD7BB060-280D-43D2-A253-F4BB3CB0992B}"
EndProject
Project("{9A19103F-16F7-4668-BE54-9A1E7A4F7556}") = "NotificationService", "src\Services\NotificationService\NotificationService\NotificationService.csproj", "{062123F4-3CA1-44BD-963A-39926BCB8FED}"
EndProject
Project("{2150E333-8FDC-42A3-9474-1A3956D46DE8}") = "OrderService", "OrderService", "{A6702D27-DE25-4298-BBCB-4E158C3A667C}"
EndProject
Project("{9A19103F-16F7-4668-BE54-9A1E7A4F7556}") = "OrderService.Domain", "src\Services\OrderService\OrderService.Domain\OrderService.Domain.csproj", "{4F56572C-7063-4F19-8986-859DC4052549}"
EndProject
Project("{9A19103F-16F7-4668-BE54-9A1E7A4F7556}") = "OrderService.Application", "src\Services\OrderService\OrderService.Application\OrderService.Application.csproj", "{D2E8C28B-1BE2-4E0B-A18B-ED6FA7DE6CD6}"
EndProject
Project("{9A19103F-16F7-4668-BE54-9A1E7A4F7556}") = "OrderService.Infrastructure", "src\Services\OrderService\OrderService.Infrastructure\OrderService.Infrastructure.csproj", "{BD28F6EB-39AF-4EC9-BE17-D31712F14181}"
EndProject
Project("{9A19103F-16F7-4668-BE54-9A1E7A4F7556}") = "OrderService.Api", "src\Services\OrderService\OrderService.Api\OrderService.Api.csproj", "{E176E0E4-535D-459C-A21E-263CF2ADFE15}"
EndProject
Project("{9A19103F-16F7-4668-BE54-9A1E7A4F7556}") = "PaymentService.Api", "src\Services\PaymentService\PaymentService.Api\PaymentService.Api.csproj", "{563C275F-B177-4DC8-80FA-4C7DEAD108B0}"
EndProject
Project("{FAE04EC0-301F-11D3-BF4B-00C04F79EFBC}") = "EventBus.Factory", "src\BuildingBlocks\EventBus\EventBus.Factory\EventBus.Factory.csproj", "{372C4744-64DE-4278-9DFE-C882B97E1149}"
EndProject
Project("{2150E333-8FDC-42A3-9474-1A3956D46DE8}") = "tests", "tests", "{A8C851D5-C2B5-4208-A78C-1EDC8F40ED79}"
EndProject
Project("{2150E333-8FDC-42A3-9474-1A3956D46DE8}") = "BuildingBlocks", "BuildingBlocks", "{B57AA1BE-7793-49C1-AB37-FBD99F7085CE}"
EndProject
Project("{FAE04EC0-301F-11D3-BF4B-00C04F79EFBC}") = "EventBus.UnitTest", "tests\BuildingBlocks\EventBus.UnitTest\EventBus.UnitTest.csproj", "{7BDCA191-0F9B-431F-ACB6-610342520661}"
EndProject
Global
	GlobalSection(SolutionConfigurationPlatforms) = preSolution
		Debug|Any CPU = Debug|Any CPU
		Release|Any CPU = Release|Any CPU
	EndGlobalSection
	GlobalSection(ProjectConfigurationPlatforms) = postSolution
		{E6B36A56-D2C2-474C-A808-12F09761048C}.Debug|Any CPU.ActiveCfg = Debug|Any CPU
		{E6B36A56-D2C2-474C-A808-12F09761048C}.Debug|Any CPU.Build.0 = Debug|Any CPU
		{E6B36A56-D2C2-474C-A808-12F09761048C}.Release|Any CPU.ActiveCfg = Release|Any CPU
		{E6B36A56-D2C2-474C-A808-12F09761048C}.Release|Any CPU.Build.0 = Release|Any CPU
		{8C02A7CB-DFA6-4EF7-843D-B647E9A98A0C}.Debug|Any CPU.ActiveCfg = Debug|Any CPU
		{8C02A7CB-DFA6-4EF7-843D-B647E9A98A0C}.Debug|Any CPU.Build.0 = Debug|Any CPU
		{8C02A7CB-DFA6-4EF7-843D-B647E9A98A0C}.Release|Any CPU.ActiveCfg = Release|Any CPU
		{8C02A7CB-DFA6-4EF7-843D-B647E9A98A0C}.Release|Any CPU.Build.0 = Release|Any CPU
		{D17C3767-089F-4B77-8DC0-353685661B72}.Debug|Any CPU.ActiveCfg = Debug|Any CPU
		{D17C3767-089F-4B77-8DC0-353685661B72}.Debug|Any CPU.Build.0 = Debug|Any CPU
		{D17C3767-089F-4B77-8DC0-353685661B72}.Release|Any CPU.ActiveCfg = Release|Any CPU
		{D17C3767-089F-4B77-8DC0-353685661B72}.Release|Any CPU.Build.0 = Release|Any CPU
		{38B82801-008E-4278-BFB6-CE6F77A23BBA}.Debug|Any CPU.ActiveCfg = Debug|Any CPU
		{38B82801-008E-4278-BFB6-CE6F77A23BBA}.Debug|Any CPU.Build.0 = Debug|Any CPU
		{38B82801-008E-4278-BFB6-CE6F77A23BBA}.Release|Any CPU.ActiveCfg = Release|Any CPU
		{38B82801-008E-4278-BFB6-CE6F77A23BBA}.Release|Any CPU.Build.0 = Release|Any CPU
		{A7AC527F-82B8-4C3A-BD14-625DEE52A3BC}.Debug|Any CPU.ActiveCfg = Debug|Any CPU
		{A7AC527F-82B8-4C3A-BD14-625DEE52A3BC}.Debug|Any CPU.Build.0 = Debug|Any CPU
		{A7AC527F-82B8-4C3A-BD14-625DEE52A3BC}.Release|Any CPU.ActiveCfg = Release|Any CPU
		{A7AC527F-82B8-4C3A-BD14-625DEE52A3BC}.Release|Any CPU.Build.0 = Release|Any CPU
		{88347C2B-324F-4695-A29E-C385E0BD9E5B}.Debug|Any CPU.ActiveCfg = Debug|Any CPU
		{88347C2B-324F-4695-A29E-C385E0BD9E5B}.Debug|Any CPU.Build.0 = Debug|Any CPU
		{88347C2B-324F-4695-A29E-C385E0BD9E5B}.Release|Any CPU.ActiveCfg = Release|Any CPU
		{88347C2B-324F-4695-A29E-C385E0BD9E5B}.Release|Any CPU.Build.0 = Release|Any CPU
		{24DBE597-BFE0-4F64-9180-E0D9AA287FF2}.Debug|Any CPU.ActiveCfg = Debug|Any CPU
		{24DBE597-BFE0-4F64-9180-E0D9AA287FF2}.Debug|Any CPU.Build.0 = Debug|Any CPU
		{24DBE597-BFE0-4F64-9180-E0D9AA287FF2}.Release|Any CPU.ActiveCfg = Release|Any CPU
		{24DBE597-BFE0-4F64-9180-E0D9AA287FF2}.Release|Any CPU.Build.0 = Release|Any CPU
		{A8931675-E785-4575-8F8B-7B71F2CC8702}.Debug|Any CPU.ActiveCfg = Debug|Any CPU
		{A8931675-E785-4575-8F8B-7B71F2CC8702}.Debug|Any CPU.Build.0 = Debug|Any CPU
		{A8931675-E785-4575-8F8B-7B71F2CC8702}.Release|Any CPU.ActiveCfg = Release|Any CPU
		{A8931675-E785-4575-8F8B-7B71F2CC8702}.Release|Any CPU.Build.0 = Release|Any CPU
		{EAEDA2D6-DB4B-4F6C-A654-2104D857E2C1}.Debug|Any CPU.ActiveCfg = Debug|Any CPU
		{EAEDA2D6-DB4B-4F6C-A654-2104D857E2C1}.Debug|Any CPU.Build.0 = Debug|Any CPU
		{EAEDA2D6-DB4B-4F6C-A654-2104D857E2C1}.Release|Any CPU.ActiveCfg = Release|Any CPU
		{EAEDA2D6-DB4B-4F6C-A654-2104D857E2C1}.Release|Any CPU.Build.0 = Release|Any CPU
		{062123F4-3CA1-44BD-963A-39926BCB8FED}.Debug|Any CPU.ActiveCfg = Debug|Any CPU
		{062123F4-3CA1-44BD-963A-39926BCB8FED}.Debug|Any CPU.Build.0 = Debug|Any CPU
		{062123F4-3CA1-44BD-963A-39926BCB8FED}.Release|Any CPU.ActiveCfg = Release|Any CPU
		{062123F4-3CA1-44BD-963A-39926BCB8FED}.Release|Any CPU.Build.0 = Release|Any CPU
		{4F56572C-7063-4F19-8986-859DC4052549}.Debug|Any CPU.ActiveCfg = Debug|Any CPU
		{4F56572C-7063-4F19-8986-859DC4052549}.Debug|Any CPU.Build.0 = Debug|Any CPU
		{4F56572C-7063-4F19-8986-859DC4052549}.Release|Any CPU.ActiveCfg = Release|Any CPU
		{4F56572C-7063-4F19-8986-859DC4052549}.Release|Any CPU.Build.0 = Release|Any CPU
		{D2E8C28B-1BE2-4E0B-A18B-ED6FA7DE6CD6}.Debug|Any CPU.ActiveCfg = Debug|Any CPU
		{D2E8C28B-1BE2-4E0B-A18B-ED6FA7DE6CD6}.Debug|Any CPU.Build.0 = Debug|Any CPU
		{D2E8C28B-1BE2-4E0B-A18B-ED6FA7DE6CD6}.Release|Any CPU.ActiveCfg = Release|Any CPU
		{D2E8C28B-1BE2-4E0B-A18B-ED6FA7DE6CD6}.Release|Any CPU.Build.0 = Release|Any CPU
		{BD28F6EB-39AF-4EC9-BE17-D31712F14181}.Debug|Any CPU.ActiveCfg = Debug|Any CPU
		{BD28F6EB-39AF-4EC9-BE17-D31712F14181}.Debug|Any CPU.Build.0 = Debug|Any CPU
		{BD28F6EB-39AF-4EC9-BE17-D31712F14181}.Release|Any CPU.ActiveCfg = Release|Any CPU
		{BD28F6EB-39AF-4EC9-BE17-D31712F14181}.Release|Any CPU.Build.0 = Release|Any CPU
		{E176E0E4-535D-459C-A21E-263CF2ADFE15}.Debug|Any CPU.ActiveCfg = Debug|Any CPU
		{E176E0E4-535D-459C-A21E-263CF2ADFE15}.Debug|Any CPU.Build.0 = Debug|Any CPU
		{E176E0E4-535D-459C-A21E-263CF2ADFE15}.Release|Any CPU.ActiveCfg = Release|Any CPU
		{E176E0E4-535D-459C-A21E-263CF2ADFE15}.Release|Any CPU.Build.0 = Release|Any CPU
		{563C275F-B177-4DC8-80FA-4C7DEAD108B0}.Debug|Any CPU.ActiveCfg = Debug|Any CPU
		{563C275F-B177-4DC8-80FA-4C7DEAD108B0}.Debug|Any CPU.Build.0 = Debug|Any CPU
		{563C275F-B177-4DC8-80FA-4C7DEAD108B0}.Release|Any CPU.ActiveCfg = Release|Any CPU
		{563C275F-B177-4DC8-80FA-4C7DEAD108B0}.Release|Any CPU.Build.0 = Release|Any CPU
		{372C4744-64DE-4278-9DFE-C882B97E1149}.Debug|Any CPU.ActiveCfg = Debug|Any CPU
		{372C4744-64DE-4278-9DFE-C882B97E1149}.Debug|Any CPU.Build.0 = Debug|Any CPU
		{372C4744-64DE-4278-9DFE-C882B97E1149}.Release|Any CPU.ActiveCfg = Release|Any CPU
		{372C4744-64DE-4278-9DFE-C882B97E1149}.Release|Any CPU.Build.0 = Release|Any CPU
		{7BDCA191-0F9B-431F-ACB6-610342520661}.Debug|Any CPU.ActiveCfg = Debug|Any CPU
		{7BDCA191-0F9B-431F-ACB6-610342520661}.Debug|Any CPU.Build.0 = Debug|Any CPU
		{7BDCA191-0F9B-431F-ACB6-610342520661}.Release|Any CPU.ActiveCfg = Release|Any CPU
		{7BDCA191-0F9B-431F-ACB6-610342520661}.Release|Any CPU.Build.0 = Release|Any CPU
	EndGlobalSection
	GlobalSection(SolutionProperties) = preSolution
		HideSolutionNode = FALSE
	EndGlobalSection
	GlobalSection(NestedProjects) = preSolution
		{2649D39A-B586-4B61-A8BB-F3215AA1BC20} = {0A53FCB1-49E5-42C3-8EF4-956F43B70D34}
		{E92A2D48-33A4-4670-80E3-3887060948DD} = {0A53FCB1-49E5-42C3-8EF4-956F43B70D34}
		{20288B3B-B21A-413D-99BF-B1E03767D127} = {0A53FCB1-49E5-42C3-8EF4-956F43B70D34}
		{C190D91B-34A9-4C7D-AE2D-2BC25DBF00D4} = {0A53FCB1-49E5-42C3-8EF4-956F43B70D34}
		{1AB09C81-6977-4877-8959-F967703AA614} = {2649D39A-B586-4B61-A8BB-F3215AA1BC20}
		{E6B36A56-D2C2-474C-A808-12F09761048C} = {1AB09C81-6977-4877-8959-F967703AA614}
		{AED397DC-8ECF-45A8-A1E6-6CB3C0A2B160} = {E92A2D48-33A4-4670-80E3-3887060948DD}
		{8C02A7CB-DFA6-4EF7-843D-B647E9A98A0C} = {AED397DC-8ECF-45A8-A1E6-6CB3C0A2B160}
		{D17C3767-089F-4B77-8DC0-353685661B72} = {AED397DC-8ECF-45A8-A1E6-6CB3C0A2B160}
		{38B82801-008E-4278-BFB6-CE6F77A23BBA} = {AED397DC-8ECF-45A8-A1E6-6CB3C0A2B160}
		{A7AC527F-82B8-4C3A-BD14-625DEE52A3BC} = {AED397DC-8ECF-45A8-A1E6-6CB3C0A2B160}
		{85363C3E-2C03-469D-8FE3-C83309AABF72} = {C190D91B-34A9-4C7D-AE2D-2BC25DBF00D4}
		{88347C2B-324F-4695-A29E-C385E0BD9E5B} = {85363C3E-2C03-469D-8FE3-C83309AABF72}
		{0B75BFC7-2688-42CF-AC51-A9221EFB8B7A} = {20288B3B-B21A-413D-99BF-B1E03767D127}
		{24DBE597-BFE0-4F64-9180-E0D9AA287FF2} = {0B75BFC7-2688-42CF-AC51-A9221EFB8B7A}
		{87D0B474-8498-4E33-AE58-D5185158C76A} = {20288B3B-B21A-413D-99BF-B1E03767D127}
		{A8931675-E785-4575-8F8B-7B71F2CC8702} = {87D0B474-8498-4E33-AE58-D5185158C76A}
		{A4174BDE-8237-4165-BE38-0D42A0D722AE} = {20288B3B-B21A-413D-99BF-B1E03767D127}
		{EAEDA2D6-DB4B-4F6C-A654-2104D857E2C1} = {A4174BDE-8237-4165-BE38-0D42A0D722AE}
		{CD7BB060-280D-43D2-A253-F4BB3CB0992B} = {20288B3B-B21A-413D-99BF-B1E03767D127}
		{062123F4-3CA1-44BD-963A-39926BCB8FED} = {CD7BB060-280D-43D2-A253-F4BB3CB0992B}
		{A6702D27-DE25-4298-BBCB-4E158C3A667C} = {20288B3B-B21A-413D-99BF-B1E03767D127}
		{4F56572C-7063-4F19-8986-859DC4052549} = {A6702D27-DE25-4298-BBCB-4E158C3A667C}
		{D2E8C28B-1BE2-4E0B-A18B-ED6FA7DE6CD6} = {A6702D27-DE25-4298-BBCB-4E158C3A667C}
		{BD28F6EB-39AF-4EC9-BE17-D31712F14181} = {A6702D27-DE25-4298-BBCB-4E158C3A667C}
		{E176E0E4-535D-459C-A21E-263CF2ADFE15} = {A6702D27-DE25-4298-BBCB-4E158C3A667C}
		{563C275F-B177-4DC8-80FA-4C7DEAD108B0} = {20288B3B-B21A-413D-99BF-B1E03767D127}
		{372C4744-64DE-4278-9DFE-C882B97E1149} = {AED397DC-8ECF-45A8-A1E6-6CB3C0A2B160}
		{B57AA1BE-7793-49C1-AB37-FBD99F7085CE} = {A8C851D5-C2B5-4208-A78C-1EDC8F40ED79}
		{7BDCA191-0F9B-431F-ACB6-610342520661} = {B57AA1BE-7793-49C1-AB37-FBD99F7085CE}
	EndGlobalSection
	GlobalSection(ExtensibilityGlobals) = postSolution
		SolutionGuid = {799EBC49-9654-4454-9DFA-637605235944}
	EndGlobalSection
EndGlobal
